
Microsoft Visual Studio Solution File, Format Version 12.00
# Visual Studio 15
VisualStudioVersion = 15.0.27703.2035
MinimumVisualStudioVersion = 10.0.40219.1
Project("{FAE04EC0-301F-11D3-BF4B-00C04F79EFBC}") = "Multithreading Progress Bar 5", "Multithreading Progress Bar 5\Multithreading Progress Bar 5.csproj", "{8BF7F233-67C3-4793-A5F0-ECE67C8A31C9}"
EndProject
Global
	GlobalSection(SolutionConfigurationPlatforms) = preSolution
		Debug|Any CPU = Debug|Any CPU
		Release|Any CPU = Release|Any CPU
	EndGlobalSection
	GlobalSection(ProjectConfigurationPlatforms) = postSolution
		{8BF7F233-67C3-4793-A5F0-ECE67C8A31C9}.Debug|Any CPU.ActiveCfg = Debug|Any CPU
		{8BF7F233-67C3-4793-A5F0-ECE67C8A31C9}.Debug|Any CPU.Build.0 = Debug|Any CPU
		{8BF7F233-67C3-4793-A5F0-ECE67C8A31C9}.Release|Any CPU.ActiveCfg = Release|Any CPU
		{8BF7F233-67C3-4793-A5F0-ECE67C8A31C9}.Release|Any CPU.Build.0 = Release|Any CPU
	EndGlobalSection
	GlobalSection(SolutionProperties) = preSolution
		HideSolutionNode = FALSE
	EndGlobalSection
	GlobalSection(ExtensibilityGlobals) = postSolution
		SolutionGuid = {DB43F3CB-8B50-4DBF-8699-EA485F3D05DD}
	EndGlobalSection
EndGlobal
